
Microsoft Visual Studio Solution File, Format Version 12.00
# Visual Studio 14
VisualStudioVersion = 14.0.24720.0
MinimumVisualStudioVersion = 10.0.40219.1
Project("{FAE04EC0-301F-11D3-BF4B-00C04F79EFBC}") = "SportsStore.Domain", "SportsStore.Domain\SportsStore.Domain.csproj", "{4FC8CF62-F224-4FC0-8836-04086074B794}"
EndProject
Project("{FAE04EC0-301F-11D3-BF4B-00C04F79EFBC}") = "SportsStore.WebUI", "SportsStore.WebUI\SportsStore.WebUI.csproj", "{249021F3-E8EB-498D-B51F-33245FC2A2F1}"
EndProject
Project("{FAE04EC0-301F-11D3-BF4B-00C04F79EFBC}") = "SportsStore.UnitTest", "SportsStore.UnitTest\SportsStore.UnitTest.csproj", "{3BE832C4-4D0C-4190-A00F-637FD994AACE}"
EndProject
Global
	GlobalSection(SolutionConfigurationPlatforms) = preSolution
		Debug|Any CPU = Debug|Any CPU
		Release|Any CPU = Release|Any CPU
	EndGlobalSection
	GlobalSection(ProjectConfigurationPlatforms) = postSolution
		{4FC8CF62-F224-4FC0-8836-04086074B794}.Debug|Any CPU.ActiveCfg = Debug|Any CPU
		{4FC8CF62-F224-4FC0-8836-04086074B794}.Debug|Any CPU.Build.0 = Debug|Any CPU
		{4FC8CF62-F224-4FC0-8836-04086074B794}.Release|Any CPU.ActiveCfg = Release|Any CPU
		{4FC8CF62-F224-4FC0-8836-04086074B794}.Release|Any CPU.Build.0 = Release|Any CPU
		{249021F3-E8EB-498D-B51F-33245FC2A2F1}.Debug|Any CPU.ActiveCfg = Debug|Any CPU
		{249021F3-E8EB-498D-B51F-33245FC2A2F1}.Debug|Any CPU.Build.0 = Debug|Any CPU
		{249021F3-E8EB-498D-B51F-33245FC2A2F1}.Release|Any CPU.ActiveCfg = Release|Any CPU
		{249021F3-E8EB-498D-B51F-33245FC2A2F1}.Release|Any CPU.Build.0 = Release|Any CPU
		{3BE832C4-4D0C-4190-A00F-637FD994AACE}.Debug|Any CPU.ActiveCfg = Debug|Any CPU
		{3BE832C4-4D0C-4190-A00F-637FD994AACE}.Debug|Any CPU.Build.0 = Debug|Any CPU
		{3BE832C4-4D0C-4190-A00F-637FD994AACE}.Release|Any CPU.ActiveCfg = Release|Any CPU
		{3BE832C4-4D0C-4190-A00F-637FD994AACE}.Release|Any CPU.Build.0 = Release|Any CPU
	EndGlobalSection
	GlobalSection(SolutionProperties) = preSolution
		HideSolutionNode = FALSE
	EndGlobalSection
EndGlobal
